
Microsoft Visual Studio Solution File, Format Version 12.00
# Visual Studio 15
VisualStudioVersion = 15.0.28010.2048
MinimumVisualStudioVersion = 10.0.40219.1
Project("{8BC9CEB8-8B4A-11D0-8D11-00A0C91BC942}") = "Analogstrokfunc", "Analogstrokfunc\Analogstrokfunc.vcxproj", "{E3CDF0F2-0F87-4751-9545-18A74B0E20E8}"
EndProject
Global
	GlobalSection(SolutionConfigurationPlatforms) = preSolution
		Debug|x64 = Debug|x64
		Debug|x86 = Debug|x86
		Release|x64 = Release|x64
		Release|x86 = Release|x86
	EndGlobalSection
	GlobalSection(ProjectConfigurationPlatforms) = postSolution
		{E3CDF0F2-0F87-4751-9545-18A74B0E20E8}.Debug|x64.ActiveCfg = Debug|x64
		{E3CDF0F2-0F87-4751-9545-18A74B0E20E8}.Debug|x64.Build.0 = Debug|x64
		{E3CDF0F2-0F87-4751-9545-18A74B0E20E8}.Debug|x86.ActiveCfg = Debug|Win32
		{E3CDF0F2-0F87-4751-9545-18A74B0E20E8}.Debug|x86.Build.0 = Debug|Win32
		{E3CDF0F2-0F87-4751-9545-18A74B0E20E8}.Release|x64.ActiveCfg = Release|x64
		{E3CDF0F2-0F87-4751-9545-18A74B0E20E8}.Release|x64.Build.0 = Release|x64
		{E3CDF0F2-0F87-4751-9545-18A74B0E20E8}.Release|x86.ActiveCfg = Release|Win32
		{E3CDF0F2-0F87-4751-9545-18A74B0E20E8}.Release|x86.Build.0 = Release|Win32
	EndGlobalSection
	GlobalSection(SolutionProperties) = preSolution
		HideSolutionNode = FALSE
	EndGlobalSection
	GlobalSection(ExtensibilityGlobals) = postSolution
		SolutionGuid = {A0EEDC65-BA06-487D-9AAD-1AD7E39736B4}
	EndGlobalSection
EndGlobal
